
Microsoft Visual Studio Solution File, Format Version 12.00
# Visual Studio Version 17
VisualStudioVersion = 17.6.33829.357
MinimumVisualStudioVersion = 10.0.40219.1
Project("{FAE04EC0-301F-11D3-BF4B-00C04F79EFBC}") = "SentenceReverse", "SentenceReverse.csproj", "{34BD7890-6E90-4F2C-85B8-4DB064DA43D3}"
EndProject
Project("{FAE04EC0-301F-11D3-BF4B-00C04F79EFBC}") = "SentenceReverse.Tests", "..\SentenceReverse.Tests\SentenceReverse.Tests.csproj", "{6E2567AB-710F-4DAC-9A11-E421FA92866B}"
EndProject
Global
	GlobalSection(SolutionConfigurationPlatforms) = preSolution
		Debug|Any CPU = Debug|Any CPU
		Release|Any CPU = Release|Any CPU
	EndGlobalSection
	GlobalSection(ProjectConfigurationPlatforms) = postSolution
		{34BD7890-6E90-4F2C-85B8-4DB064DA43D3}.Debug|Any CPU.ActiveCfg = Debug|Any CPU
		{34BD7890-6E90-4F2C-85B8-4DB064DA43D3}.Debug|Any CPU.Build.0 = Debug|Any CPU
		{34BD7890-6E90-4F2C-85B8-4DB064DA43D3}.Release|Any CPU.ActiveCfg = Release|Any CPU
		{34BD7890-6E90-4F2C-85B8-4DB064DA43D3}.Release|Any CPU.Build.0 = Release|Any CPU
		{6E2567AB-710F-4DAC-9A11-E421FA92866B}.Debug|Any CPU.ActiveCfg = Debug|Any CPU
		{6E2567AB-710F-4DAC-9A11-E421FA92866B}.Debug|Any CPU.Build.0 = Debug|Any CPU
		{6E2567AB-710F-4DAC-9A11-E421FA92866B}.Release|Any CPU.ActiveCfg = Release|Any CPU
		{6E2567AB-710F-4DAC-9A11-E421FA92866B}.Release|Any CPU.Build.0 = Release|Any CPU
	EndGlobalSection
	GlobalSection(SolutionProperties) = preSolution
		HideSolutionNode = FALSE
	EndGlobalSection
	GlobalSection(ExtensibilityGlobals) = postSolution
		SolutionGuid = {5A0DDD86-53B2-4DB2-8D42-56BDB8325201}
	EndGlobalSection
EndGlobal
